
Microsoft Visual Studio Solution File, Format Version 11.00
# Visual Studio 2010
Project("{FAE04EC0-301F-11D3-BF4B-00C04F79EFBC}") = "Study.Fit.MyProject", "Study.Fit.MyProject\Study.Fit.MyProject.csproj", "{B3379439-DC2A-4FB2-AAB9-98E5D946164B}"
EndProject
Project("{FAE04EC0-301F-11D3-BF4B-00C04F79EFBC}") = "Study.Fit.PageGenerator", "Study.Fit.PageGenerator\Study.Fit.PageGenerator.csproj", "{D96CD99E-F4C9-4DF1-8325-F7A0164979AB}"
EndProject
Project("{FAE04EC0-301F-11D3-BF4B-00C04F79EFBC}") = "Study.Fit.SampleGenerator", "Study.Fit.SampleGenerator\Study.Fit.SampleGenerator.csproj", "{08A2E379-5D54-4B03-8B0E-AF381827B8FF}"
EndProject
Project("{FAE04EC0-301F-11D3-BF4B-00C04F79EFBC}") = "Study.Fit.PageGenerator.Test", "Study.Fit.PageGenerator.Test\Study.Fit.PageGenerator.Test.csproj", "{0E9FEBC8-C041-4782-9CDD-C42366B6AE8C}"
EndProject
Project("{FAE04EC0-301F-11D3-BF4B-00C04F79EFBC}") = "PageGenerator", "PageGenerator\PageGenerator.csproj", "{002BB2BD-FAA7-407C-8422-66AA9DC1DF38}"
EndProject
Global
	GlobalSection(SolutionConfigurationPlatforms) = preSolution
		Debug|Any CPU = Debug|Any CPU
		Debug|Mixed Platforms = Debug|Mixed Platforms
		Debug|x86 = Debug|x86
		Release|Any CPU = Release|Any CPU
		Release|Mixed Platforms = Release|Mixed Platforms
		Release|x86 = Release|x86
	EndGlobalSection
	GlobalSection(ProjectConfigurationPlatforms) = postSolution
		{B3379439-DC2A-4FB2-AAB9-98E5D946164B}.Debug|Any CPU.ActiveCfg = Debug|Any CPU
		{B3379439-DC2A-4FB2-AAB9-98E5D946164B}.Debug|Any CPU.Build.0 = Debug|Any CPU
		{B3379439-DC2A-4FB2-AAB9-98E5D946164B}.Debug|Mixed Platforms.ActiveCfg = Debug|Any CPU
		{B3379439-DC2A-4FB2-AAB9-98E5D946164B}.Debug|Mixed Platforms.Build.0 = Debug|Any CPU
		{B3379439-DC2A-4FB2-AAB9-98E5D946164B}.Debug|x86.ActiveCfg = Debug|Any CPU
		{B3379439-DC2A-4FB2-AAB9-98E5D946164B}.Release|Any CPU.ActiveCfg = Release|Any CPU
		{B3379439-DC2A-4FB2-AAB9-98E5D946164B}.Release|Any CPU.Build.0 = Release|Any CPU
		{B3379439-DC2A-4FB2-AAB9-98E5D946164B}.Release|Mixed Platforms.ActiveCfg = Release|Any CPU
		{B3379439-DC2A-4FB2-AAB9-98E5D946164B}.Release|Mixed Platforms.Build.0 = Release|Any CPU
		{B3379439-DC2A-4FB2-AAB9-98E5D946164B}.Release|x86.ActiveCfg = Release|Any CPU
		{D96CD99E-F4C9-4DF1-8325-F7A0164979AB}.Debug|Any CPU.ActiveCfg = Debug|Any CPU
		{D96CD99E-F4C9-4DF1-8325-F7A0164979AB}.Debug|Any CPU.Build.0 = Debug|Any CPU
		{D96CD99E-F4C9-4DF1-8325-F7A0164979AB}.Debug|Mixed Platforms.ActiveCfg = Debug|Any CPU
		{D96CD99E-F4C9-4DF1-8325-F7A0164979AB}.Debug|Mixed Platforms.Build.0 = Debug|Any CPU
		{D96CD99E-F4C9-4DF1-8325-F7A0164979AB}.Debug|x86.ActiveCfg = Debug|Any CPU
		{D96CD99E-F4C9-4DF1-8325-F7A0164979AB}.Release|Any CPU.ActiveCfg = Release|Any CPU
		{D96CD99E-F4C9-4DF1-8325-F7A0164979AB}.Release|Any CPU.Build.0 = Release|Any CPU
		{D96CD99E-F4C9-4DF1-8325-F7A0164979AB}.Release|Mixed Platforms.ActiveCfg = Release|Any CPU
		{D96CD99E-F4C9-4DF1-8325-F7A0164979AB}.Release|Mixed Platforms.Build.0 = Release|Any CPU
		{D96CD99E-F4C9-4DF1-8325-F7A0164979AB}.Release|x86.ActiveCfg = Release|Any CPU
		{08A2E379-5D54-4B03-8B0E-AF381827B8FF}.Debug|Any CPU.ActiveCfg = Debug|x86
		{08A2E379-5D54-4B03-8B0E-AF381827B8FF}.Debug|Mixed Platforms.ActiveCfg = Debug|x86
		{08A2E379-5D54-4B03-8B0E-AF381827B8FF}.Debug|Mixed Platforms.Build.0 = Debug|x86
		{08A2E379-5D54-4B03-8B0E-AF381827B8FF}.Debug|x86.ActiveCfg = Debug|x86
		{08A2E379-5D54-4B03-8B0E-AF381827B8FF}.Debug|x86.Build.0 = Debug|x86
		{08A2E379-5D54-4B03-8B0E-AF381827B8FF}.Release|Any CPU.ActiveCfg = Release|x86
		{08A2E379-5D54-4B03-8B0E-AF381827B8FF}.Release|Mixed Platforms.ActiveCfg = Release|x86
		{08A2E379-5D54-4B03-8B0E-AF381827B8FF}.Release|Mixed Platforms.Build.0 = Release|x86
		{08A2E379-5D54-4B03-8B0E-AF381827B8FF}.Release|x86.ActiveCfg = Release|x86
		{08A2E379-5D54-4B03-8B0E-AF381827B8FF}.Release|x86.Build.0 = Release|x86
		{0E9FEBC8-C041-4782-9CDD-C42366B6AE8C}.Debug|Any CPU.ActiveCfg = Debug|Any CPU
		{0E9FEBC8-C041-4782-9CDD-C42366B6AE8C}.Debug|Any CPU.Build.0 = Debug|Any CPU
		{0E9FEBC8-C041-4782-9CDD-C42366B6AE8C}.Debug|Mixed Platforms.ActiveCfg = Debug|Any CPU
		{0E9FEBC8-C041-4782-9CDD-C42366B6AE8C}.Debug|Mixed Platforms.Build.0 = Debug|Any CPU
		{0E9FEBC8-C041-4782-9CDD-C42366B6AE8C}.Debug|x86.ActiveCfg = Debug|Any CPU
		{0E9FEBC8-C041-4782-9CDD-C42366B6AE8C}.Release|Any CPU.ActiveCfg = Release|Any CPU
		{0E9FEBC8-C041-4782-9CDD-C42366B6AE8C}.Release|Any CPU.Build.0 = Release|Any CPU
		{0E9FEBC8-C041-4782-9CDD-C42366B6AE8C}.Release|Mixed Platforms.ActiveCfg = Release|Any CPU
		{0E9FEBC8-C041-4782-9CDD-C42366B6AE8C}.Release|Mixed Platforms.Build.0 = Release|Any CPU
		{0E9FEBC8-C041-4782-9CDD-C42366B6AE8C}.Release|x86.ActiveCfg = Release|Any CPU
		{002BB2BD-FAA7-407C-8422-66AA9DC1DF38}.Debug|Any CPU.ActiveCfg = Debug|x86
		{002BB2BD-FAA7-407C-8422-66AA9DC1DF38}.Debug|Mixed Platforms.ActiveCfg = Debug|x86
		{002BB2BD-FAA7-407C-8422-66AA9DC1DF38}.Debug|Mixed Platforms.Build.0 = Debug|x86
		{002BB2BD-FAA7-407C-8422-66AA9DC1DF38}.Debug|x86.ActiveCfg = Debug|x86
		{002BB2BD-FAA7-407C-8422-66AA9DC1DF38}.Debug|x86.Build.0 = Debug|x86
		{002BB2BD-FAA7-407C-8422-66AA9DC1DF38}.Release|Any CPU.ActiveCfg = Release|x86
		{002BB2BD-FAA7-407C-8422-66AA9DC1DF38}.Release|Mixed Platforms.ActiveCfg = Release|x86
		{002BB2BD-FAA7-407C-8422-66AA9DC1DF38}.Release|Mixed Platforms.Build.0 = Release|x86
		{002BB2BD-FAA7-407C-8422-66AA9DC1DF38}.Release|x86.ActiveCfg = Release|x86
		{002BB2BD-FAA7-407C-8422-66AA9DC1DF38}.Release|x86.Build.0 = Release|x86
	EndGlobalSection
	GlobalSection(SolutionProperties) = preSolution
		HideSolutionNode = FALSE
	EndGlobalSection
EndGlobal
